
Microsoft Visual Studio Solution File, Format Version 12.00
# Visual Studio Version 16
VisualStudioVersion = 16.0.31729.503
MinimumVisualStudioVersion = 10.0.40219.1
Project("{FAE04EC0-301F-11D3-BF4B-00C04F79EFBC}") = "CuaHangDongHo_API", "CuaHangDongHo_API\CuaHangDongHo_API.csproj", "{872F01F1-6906-43CA-93BB-7F553A202AC6}"
EndProject
Global
	GlobalSection(SolutionConfigurationPlatforms) = preSolution
		Debug|Any CPU = Debug|Any CPU
		Release|Any CPU = Release|Any CPU
	EndGlobalSection
	GlobalSection(ProjectConfigurationPlatforms) = postSolution
		{872F01F1-6906-43CA-93BB-7F553A202AC6}.Debug|Any CPU.ActiveCfg = Debug|Any CPU
		{872F01F1-6906-43CA-93BB-7F553A202AC6}.Debug|Any CPU.Build.0 = Debug|Any CPU
		{872F01F1-6906-43CA-93BB-7F553A202AC6}.Release|Any CPU.ActiveCfg = Release|Any CPU
		{872F01F1-6906-43CA-93BB-7F553A202AC6}.Release|Any CPU.Build.0 = Release|Any CPU
	EndGlobalSection
	GlobalSection(SolutionProperties) = preSolution
		HideSolutionNode = FALSE
	EndGlobalSection
	GlobalSection(ExtensibilityGlobals) = postSolution
		SolutionGuid = {16FB8379-24B8-440A-A7D8-1C8EC7611EEB}
	EndGlobalSection
EndGlobal
